
Microsoft Visual Studio Solution File, Format Version 12.00
# Visual Studio Version 17
VisualStudioVersion = 17.8.34525.116
MinimumVisualStudioVersion = 10.0.40219.1
Project("{9A19103F-16F7-4668-BE54-9A1E7A4F7556}") = "LogicalExpressionClassLibrary", "LogicalExpressionClassLibrary\LogicalExpressionClassLibrary.csproj", "{0D025DA3-7A80-4F7E-AA4E-2194ADEE2952}"
EndProject
Project("{9A19103F-16F7-4668-BE54-9A1E7A4F7556}") = "LogicalExpressionUnitTest", "LogicalExpressionUnitTest\LogicalExpressionUnitTest.csproj", "{217F3C31-4BF7-4209-830E-F9610CDC35D2}"
EndProject
Project("{9A19103F-16F7-4668-BE54-9A1E7A4F7556}") = "LogicalExpressionConsoleApp", "LogicalExpressionConsoleApp\LogicalExpressionConsoleApp.csproj", "{F5D48C87-A51C-4E51-97E4-2EE55C2D1BAC}"
EndProject
Project("{FAE04EC0-301F-11D3-BF4B-00C04F79EFBC}") = "LW4", "LW4\LW4.csproj", "{26217FD0-6BA6-443D-9419-F2150F96F8E2}"
EndProject
Global
	GlobalSection(SolutionConfigurationPlatforms) = preSolution
		Debug|Any CPU = Debug|Any CPU
		Release|Any CPU = Release|Any CPU
	EndGlobalSection
	GlobalSection(ProjectConfigurationPlatforms) = postSolution
		{0D025DA3-7A80-4F7E-AA4E-2194ADEE2952}.Debug|Any CPU.ActiveCfg = Debug|Any CPU
		{0D025DA3-7A80-4F7E-AA4E-2194ADEE2952}.Debug|Any CPU.Build.0 = Debug|Any CPU
		{0D025DA3-7A80-4F7E-AA4E-2194ADEE2952}.Release|Any CPU.ActiveCfg = Release|Any CPU
		{0D025DA3-7A80-4F7E-AA4E-2194ADEE2952}.Release|Any CPU.Build.0 = Release|Any CPU
		{217F3C31-4BF7-4209-830E-F9610CDC35D2}.Debug|Any CPU.ActiveCfg = Debug|Any CPU
		{217F3C31-4BF7-4209-830E-F9610CDC35D2}.Debug|Any CPU.Build.0 = Debug|Any CPU
		{217F3C31-4BF7-4209-830E-F9610CDC35D2}.Release|Any CPU.ActiveCfg = Release|Any CPU
		{217F3C31-4BF7-4209-830E-F9610CDC35D2}.Release|Any CPU.Build.0 = Release|Any CPU
		{F5D48C87-A51C-4E51-97E4-2EE55C2D1BAC}.Debug|Any CPU.ActiveCfg = Debug|Any CPU
		{F5D48C87-A51C-4E51-97E4-2EE55C2D1BAC}.Debug|Any CPU.Build.0 = Debug|Any CPU
		{F5D48C87-A51C-4E51-97E4-2EE55C2D1BAC}.Release|Any CPU.ActiveCfg = Release|Any CPU
		{F5D48C87-A51C-4E51-97E4-2EE55C2D1BAC}.Release|Any CPU.Build.0 = Release|Any CPU
		{26217FD0-6BA6-443D-9419-F2150F96F8E2}.Debug|Any CPU.ActiveCfg = Debug|Any CPU
		{26217FD0-6BA6-443D-9419-F2150F96F8E2}.Debug|Any CPU.Build.0 = Debug|Any CPU
		{26217FD0-6BA6-443D-9419-F2150F96F8E2}.Release|Any CPU.ActiveCfg = Release|Any CPU
		{26217FD0-6BA6-443D-9419-F2150F96F8E2}.Release|Any CPU.Build.0 = Release|Any CPU
	EndGlobalSection
	GlobalSection(SolutionProperties) = preSolution
		HideSolutionNode = FALSE
	EndGlobalSection
	GlobalSection(ExtensibilityGlobals) = postSolution
		SolutionGuid = {6BB748D3-0DE5-4A9C-A170-CF911EC61AEE}
	EndGlobalSection
EndGlobal
